
Microsoft Visual Studio Solution File, Format Version 12.00
# Visual Studio Version 17
VisualStudioVersion = 17.4.33103.184
MinimumVisualStudioVersion = 10.0.40219.1
Project("{FAE04EC0-301F-11D3-BF4B-00C04F79EFBC}") = "MongoCRUDDB", "MongoCRUDDB\MongoCRUDDB.csproj", "{72501B3B-615C-4EDE-B07C-2CAEF4014AEB}"
EndProject
Global
	GlobalSection(SolutionConfigurationPlatforms) = preSolution
		Debug|Any CPU = Debug|Any CPU
		Release|Any CPU = Release|Any CPU
	EndGlobalSection
	GlobalSection(ProjectConfigurationPlatforms) = postSolution
		{72501B3B-615C-4EDE-B07C-2CAEF4014AEB}.Debug|Any CPU.ActiveCfg = Debug|Any CPU
		{72501B3B-615C-4EDE-B07C-2CAEF4014AEB}.Debug|Any CPU.Build.0 = Debug|Any CPU
		{72501B3B-615C-4EDE-B07C-2CAEF4014AEB}.Release|Any CPU.ActiveCfg = Release|Any CPU
		{72501B3B-615C-4EDE-B07C-2CAEF4014AEB}.Release|Any CPU.Build.0 = Release|Any CPU
	EndGlobalSection
	GlobalSection(SolutionProperties) = preSolution
		HideSolutionNode = FALSE
	EndGlobalSection
	GlobalSection(ExtensibilityGlobals) = postSolution
		SolutionGuid = {3704B9C8-4E0E-41F2-ACBB-135777F8F2C9}
	EndGlobalSection
EndGlobal
